
Microsoft Visual Studio Solution File, Format Version 12.00
# Visual Studio 2013
VisualStudioVersion = 12.0.31101.0
MinimumVisualStudioVersion = 10.0.40219.1
Project("{FAE04EC0-301F-11D3-BF4B-00C04F79EFBC}") = "FRC System", "FRC System\FRC System.csproj", "{036B288E-B56B-4C62-898D-8A66D389CF5B}"
EndProject
Project("{FAE04EC0-301F-11D3-BF4B-00C04F79EFBC}") = "FormattingRulesLibrary", "FormattingRulesLibrary\FormattingRulesLibrary.csproj", "{2434DB28-FABC-4E8B-9AB8-81FEA5FCC37C}"
EndProject
Project("{F088123C-0E9E-452A-89E6-6BA2F21D5CAC}") = "Проектирование", "Проектирование\Проектирование.modelproj", "{C914AD3A-02DF-4DB7-9AD9-7B1CDF912E68}"
EndProject
Global
	GlobalSection(SolutionConfigurationPlatforms) = preSolution
		Debug|Any CPU = Debug|Any CPU
		Release|Any CPU = Release|Any CPU
	EndGlobalSection
	GlobalSection(ProjectConfigurationPlatforms) = postSolution
		{036B288E-B56B-4C62-898D-8A66D389CF5B}.Debug|Any CPU.ActiveCfg = Debug|Any CPU
		{036B288E-B56B-4C62-898D-8A66D389CF5B}.Debug|Any CPU.Build.0 = Debug|Any CPU
		{036B288E-B56B-4C62-898D-8A66D389CF5B}.Release|Any CPU.ActiveCfg = Release|Any CPU
		{036B288E-B56B-4C62-898D-8A66D389CF5B}.Release|Any CPU.Build.0 = Release|Any CPU
		{2434DB28-FABC-4E8B-9AB8-81FEA5FCC37C}.Debug|Any CPU.ActiveCfg = Debug|Any CPU
		{2434DB28-FABC-4E8B-9AB8-81FEA5FCC37C}.Debug|Any CPU.Build.0 = Debug|Any CPU
		{2434DB28-FABC-4E8B-9AB8-81FEA5FCC37C}.Release|Any CPU.ActiveCfg = Release|Any CPU
		{2434DB28-FABC-4E8B-9AB8-81FEA5FCC37C}.Release|Any CPU.Build.0 = Release|Any CPU
		{C914AD3A-02DF-4DB7-9AD9-7B1CDF912E68}.Debug|Any CPU.ActiveCfg = Debug|Any CPU
		{C914AD3A-02DF-4DB7-9AD9-7B1CDF912E68}.Debug|Any CPU.Build.0 = Debug|Any CPU
		{C914AD3A-02DF-4DB7-9AD9-7B1CDF912E68}.Release|Any CPU.ActiveCfg = Release|Any CPU
		{C914AD3A-02DF-4DB7-9AD9-7B1CDF912E68}.Release|Any CPU.Build.0 = Release|Any CPU
	EndGlobalSection
	GlobalSection(SolutionProperties) = preSolution
		HideSolutionNode = FALSE
	EndGlobalSection
EndGlobal
